{
  "name": "klip",
  "version": "3.3.7",
  "lockfileVersion": 3,
  "requires": true,
  "packages": {
    "": {
      "name": "klip",
      "version": "3.3.7",
      "workspaces": [
        "packages/klip-api",
        "packages/klip-api-test",
        "packages/klip-local",
        "packages/klip-local-test",
        "packages/klip-system",
        "packages/klip-system-test",
        "packages_imported/kotlinx-interoperable-exports/3.3.7",
        "packages_imported/kommander-core/3.3.7",
        "packages_imported/kommander-coroutines/3.3.7"
      ],
      "devDependencies": {}
    },
    "node_modules/klip-api": {
      "resolved": "packages/klip-api",
      "link": true
    },
    "node_modules/klip-api-test": {
      "resolved": "packages/klip-api-test",
      "link": true
    },
    "node_modules/klip-local": {
      "resolved": "packages/klip-local",
      "link": true
    },
    "node_modules/klip-local-test": {
      "resolved": "packages/klip-local-test",
      "link": true
    },
    "node_modules/klip-system": {
      "resolved": "packages/klip-system",
      "link": true
    },
    "node_modules/klip-system-test": {
      "resolved": "packages/klip-system-test",
      "link": true
    },
    "node_modules/kommander-core": {
      "resolved": "packages_imported/kommander-core/3.3.7",
      "link": true
    },
    "node_modules/kommander-coroutines": {
      "resolved": "packages_imported/kommander-coroutines/3.3.7",
      "link": true
    },
    "node_modules/kotlinx-interoperable-exports": {
      "resolved": "packages_imported/kotlinx-interoperable-exports/3.3.7",
      "link": true
    },
    "packages_imported/kommander-core/3.1.14": {
      "name": "kommander-core",
      "version": "3.1.14",
      "extraneous": true,
      "devDependencies": {}
    },
    "packages_imported/kommander-core/3.3.7": {
      "name": "kommander-core",
      "version": "3.3.7",
      "devDependencies": {}
    },
    "packages_imported/kommander-coroutines/3.3.7": {
      "name": "kommander-coroutines",
      "version": "3.3.7",
      "devDependencies": {}
    },
    "packages_imported/koncurrent-later-core/3.1.14": {
      "name": "koncurrent-later-core",
      "version": "3.1.14",
      "extraneous": true,
      "devDependencies": {}
    },
    "packages_imported/kotlinx-interoperable-exports/3.3.7": {
      "name": "kotlinx-interoperable-exports",
      "version": "3.3.7",
      "devDependencies": {}
    },
    "packages/klip-api": {
      "version": "3.3.7",
      "devDependencies": {}
    },
    "packages/klip-api-test": {
      "version": "3.3.7",
      "devDependencies": {}
    },
    "packages/klip-local": {
      "version": "3.3.7",
      "devDependencies": {}
    },
    "packages/klip-local-test": {
      "version": "3.3.7",
      "devDependencies": {}
    },
    "packages/klip-system": {
      "version": "3.3.7",
      "devDependencies": {}
    },
    "packages/klip-system-test": {
      "version": "3.3.7",
      "devDependencies": {}
    }
  }
}
